
Microsoft Visual Studio Solution File, Format Version 12.00
# Visual Studio Version 17
VisualStudioVersion = 17.7.34202.233
MinimumVisualStudioVersion = 10.0.40219.1
Project("{FAE04EC0-301F-11D3-BF4B-00C04F79EFBC}") = "DianaMVC", "DianaMVC\DianaMVC.csproj", "{B1856601-FC62-489E-B6C6-BD544A08F95C}"
EndProject
Global
	GlobalSection(SolutionConfigurationPlatforms) = preSolution
		Debug|Any CPU = Debug|Any CPU
		Release|Any CPU = Release|Any CPU
	EndGlobalSection
	GlobalSection(ProjectConfigurationPlatforms) = postSolution
		{B1856601-FC62-489E-B6C6-BD544A08F95C}.Debug|Any CPU.ActiveCfg = Debug|Any CPU
		{B1856601-FC62-489E-B6C6-BD544A08F95C}.Debug|Any CPU.Build.0 = Debug|Any CPU
		{B1856601-FC62-489E-B6C6-BD544A08F95C}.Release|Any CPU.ActiveCfg = Release|Any CPU
		{B1856601-FC62-489E-B6C6-BD544A08F95C}.Release|Any CPU.Build.0 = Release|Any CPU
	EndGlobalSection
	GlobalSection(SolutionProperties) = preSolution
		HideSolutionNode = FALSE
	EndGlobalSection
	GlobalSection(ExtensibilityGlobals) = postSolution
		SolutionGuid = {72EBF9E7-541A-4533-A271-CBF42A10A51B}
	EndGlobalSection
EndGlobal
